{
  "name": "d.i.d",
  "version": "1.0.0",
  "lockfileVersion": 1,
  "requires": true,
  "dependencies": {
    "@builder.io/partytown": {
      "version": "0.10.0",
      "resolved": "https://registry.npmjs.org/@builder.io/partytown/-/partytown-0.10.0.tgz",
      "integrity": "sha512-OS/o9lAmK5rZZLkjFmghPNmp3P40uTF5yu2rFY3TVlnSie7CQhwrQ+5lycUkHqrDVyI4NOnOiA655Q1eGPE2pw=="
    }
  }
}
