{
  "name": "d.i.d",
  "version": "1.0.0",
  "lockfileVersion": 2,
  "requires": true,
  "packages": {
    "": {
      "name": "d.i.d",
      "version": "1.0.0",
      "license": "ISC",
      "dependencies": {
        "@builder.io/partytown": "^0.8.0"
      }
    },
    "node_modules/@builder.io/partytown": {
      "version": "0.8.1",
      "resolved": "https://registry.npmjs.org/@builder.io/partytown/-/partytown-0.8.1.tgz",
      "integrity": "sha512-p4xhEtQCPe8YFJ8e7KT9RptnT+f4lvtbmXymbp1t0bLp+USkNMTxrRMNc3Dlr2w2fpxyX7uA0CyAeU3ju84O4A==",
      "bin": {
        "partytown": "bin/partytown.cjs"
      },
      "engines": {
        "node": ">=18.0.0"
      }
    }
  },
  "dependencies": {
    "@builder.io/partytown": {
      "version": "0.8.1",
      "resolved": "https://registry.npmjs.org/@builder.io/partytown/-/partytown-0.8.1.tgz",
      "integrity": "sha512-p4xhEtQCPe8YFJ8e7KT9RptnT+f4lvtbmXymbp1t0bLp+USkNMTxrRMNc3Dlr2w2fpxyX7uA0CyAeU3ju84O4A=="
    }
  }
}
