{
  "name": "d.i.d",
  "version": "1.0.0",
  "lockfileVersion": 2,
  "requires": true,
  "packages": {
    "": {
      "name": "d.i.d",
      "version": "1.0.0",
      "license": "ISC",
      "dependencies": {
        "@builder.io/partytown": "^0.8.0"
      }
    },
    "node_modules/@builder.io/partytown": {
      "version": "0.8.2",
      "resolved": "https://registry.npmjs.org/@builder.io/partytown/-/partytown-0.8.2.tgz",
      "integrity": "sha512-WKGE+SO0qUGirW8J+xOWkHeCkfFEoPPvHnFkcdMl+MY3kDbAcTwjZCzjg27JCvoD0h8fH47FR7DSIss0/S5lyg==",
      "bin": {
        "partytown": "bin/partytown.cjs"
      },
      "engines": {
        "node": ">=18.0.0"
      }
    }
  },
  "dependencies": {
    "@builder.io/partytown": {
      "version": "0.8.2",
      "resolved": "https://registry.npmjs.org/@builder.io/partytown/-/partytown-0.8.2.tgz",
      "integrity": "sha512-WKGE+SO0qUGirW8J+xOWkHeCkfFEoPPvHnFkcdMl+MY3kDbAcTwjZCzjg27JCvoD0h8fH47FR7DSIss0/S5lyg=="
    }
  }
}
